<?xml version="1.0" encoding="utf-8"?>
<Project ToolsVersion="4.0" xmlns="http://schemas.microsoft.com/developer/msbuild/2003">
  <ItemGroup>
    <Filter Include="Header Files">
      <UniqueIdentifier>{93995380-89BD-4b04-88EB-625FBE52EBFB}</UniqueIdentifier>
      <Extensions>h</Extensions>
    </Filter>
    <Filter Include="Form Files">
      <UniqueIdentifier>{99349809-55BA-4b9d-BF79-8FDBB0286EB3}</UniqueIdentifier>
      <Extensions>ui</Extensions>
    </Filter>
    <Filter Include="Resource Files">
      <UniqueIdentifier>{D9D6E242-F8AF-46E4-B9FD-80ECBC20BA3E}</UniqueIdentifier>
      <Extensions>qrc;*</Extensions>
      <ParseFiles>false</ParseFiles>
    </Filter>
    <Filter Include="Generated Files">
      <UniqueIdentifier>{71ED8ED8-ACB9-4CE9-BBE1-E00B30144E11}</UniqueIdentifier>
      <Extensions>moc;h;cpp</Extensions>
      <SourceControlFiles>False</SourceControlFiles>
    </Filter>
    <Filter Include="Generated Files\Debug">
      <UniqueIdentifier>{562b2281-76ff-46cb-8393-1829134d88b2}</UniqueIdentifier>
      <Extensions>cpp;moc</Extensions>
      <SourceControlFiles>False</SourceControlFiles>
    </Filter>
    <Filter Include="Generated Files\Release">
      <UniqueIdentifier>{d2fc80ea-30e6-4f9b-8200-baa9e87a09ca}</UniqueIdentifier>
      <Extensions>cpp;moc</Extensions>
      <SourceControlFiles>False</SourceControlFiles>
    </Filter>
    <Filter Include="Source">
      <UniqueIdentifier>{362a82f7-f43d-4e07-859d-c1afa65d289b}</UniqueIdentifier>
    </Filter>
  </ItemGroup>
  <ItemGroup>
    <ClCompile Include="GeneratedFiles\Debug\moc_uvision.cpp">
      <Filter>Generated Files\Debug</Filter>
    </ClCompile>
    <ClCompile Include="GeneratedFiles\Release\moc_uvision.cpp">
      <Filter>Generated Files\Release</Filter>
    </ClCompile>
    <ClCompile Include="GeneratedFiles\qrc_uvision.cpp">
      <Filter>Generated Files</Filter>
    </ClCompile>
    <ClCompile Include="GeneratedFiles\Debug\moc_videoinput.cpp">
      <Filter>Generated Files\Debug</Filter>
    </ClCompile>
    <ClCompile Include="GeneratedFiles\Release\moc_videoinput.cpp">
      <Filter>Generated Files\Release</Filter>
    </ClCompile>
    <ClCompile Include="GeneratedFiles\Debug\moc_videoproperty.cpp">
      <Filter>Generated Files\Debug</Filter>
    </ClCompile>
    <ClCompile Include="GeneratedFiles\Release\moc_videoproperty.cpp">
      <Filter>Generated Files\Release</Filter>
    </ClCompile>
    <ClCompile Include="GeneratedFiles\Debug\moc_serialparameters.cpp">
      <Filter>Generated Files\Debug</Filter>
    </ClCompile>
    <ClCompile Include="GeneratedFiles\Release\moc_serialparameters.cpp">
      <Filter>Generated Files\Release</Filter>
    </ClCompile>
    <ClCompile Include="GeneratedFiles\Debug\moc_thumbnailthread.cpp">
      <Filter>Generated Files\Debug</Filter>
    </ClCompile>
    <ClCompile Include="GeneratedFiles\Release\moc_thumbnailthread.cpp">
      <Filter>Generated Files\Release</Filter>
    </ClCompile>
    <ClCompile Include="GeneratedFiles\Debug\moc_imagestitching.cpp">
      <Filter>Generated Files\Debug</Filter>
    </ClCompile>
    <ClCompile Include="GeneratedFiles\Release\moc_imagestitching.cpp">
      <Filter>Generated Files\Release</Filter>
    </ClCompile>
    <ClCompile Include="GeneratedFiles\Debug\moc_image_tools.cpp">
      <Filter>Generated Files\Debug</Filter>
    </ClCompile>
    <ClCompile Include="GeneratedFiles\Release\moc_image_tools.cpp">
      <Filter>Generated Files\Release</Filter>
    </ClCompile>
    <ClCompile Include="image_tools.cpp">
      <Filter>Source</Filter>
    </ClCompile>
    <ClCompile Include="imagestitching.cpp">
      <Filter>Source</Filter>
    </ClCompile>
    <ClCompile Include="main.cpp">
      <Filter>Source</Filter>
    </ClCompile>
    <ClCompile Include="serialparameters.cpp">
      <Filter>Source</Filter>
    </ClCompile>
    <ClCompile Include="thumbnailthread.cpp">
      <Filter>Source</Filter>
    </ClCompile>
    <ClCompile Include="uvision.cpp">
      <Filter>Source</Filter>
    </ClCompile>
    <ClCompile Include="videoinput.cpp">
      <Filter>Source</Filter>
    </ClCompile>
    <ClCompile Include="videoproperty.cpp">
      <Filter>Source</Filter>
    </ClCompile>
    <ClCompile Include="GeneratedFiles\Debug\moc_siftmatch.cpp">
      <Filter>Generated Files\Debug</Filter>
    </ClCompile>
    <ClCompile Include="GeneratedFiles\Release\moc_siftmatch.cpp">
      <Filter>Generated Files\Release</Filter>
    </ClCompile>
    <ClCompile Include="imgfeatures.c">
      <Filter>Source</Filter>
    </ClCompile>
    <ClCompile Include="kdtree.c">
      <Filter>Source</Filter>
    </ClCompile>
    <ClCompile Include="minpq.c">
      <Filter>Source</Filter>
    </ClCompile>
    <ClCompile Include="sift.c">
      <Filter>Source</Filter>
    </ClCompile>
    <ClCompile Include="siftmatch.cpp">
      <Filter>Source</Filter>
    </ClCompile>
    <ClCompile Include="utils.c">
      <Filter>Source</Filter>
    </ClCompile>
    <ClCompile Include="xform.c">
      <Filter>Source</Filter>
    </ClCompile>
    <ClCompile Include="Advance.cpp">
      <Filter>Source</Filter>
    </ClCompile>
    <ClCompile Include="AdvanceDlg.cpp">
      <Filter>Source</Filter>
    </ClCompile>
    <ClCompile Include="DeviceInfoDlg.cpp">
      <Filter>Source</Filter>
    </ClCompile>
    <ClCompile Include="ExposeDlg.cpp">
      <Filter>Source</Filter>
    </ClCompile>
    <ClCompile Include="ImageProcessDlg.cpp">
      <Filter>Source</Filter>
    </ClCompile>
    <ClCompile Include="OutputModeDlg.cpp">
      <Filter>Source</Filter>
    </ClCompile>
    <ClCompile Include="ROIDlg.cpp">
      <Filter>Source</Filter>
    </ClCompile>
    <ClCompile Include="SetupDlg.cpp">
      <Filter>Source</Filter>
    </ClCompile>
    <ClCompile Include="stdafx.cpp">
      <Filter>Source</Filter>
    </ClCompile>
  </ItemGroup>
  <ItemGroup>
    <CustomBuild Include="uvision.h">
      <Filter>Header Files</Filter>
    </CustomBuild>
    <CustomBuild Include="uvision.ui">
      <Filter>Form Files</Filter>
    </CustomBuild>
    <CustomBuild Include="uvision.qrc">
      <Filter>Resource Files</Filter>
    </CustomBuild>
    <CustomBuild Include="videoinput.h">
      <Filter>Header Files</Filter>
    </CustomBuild>
    <CustomBuild Include="videoinput.ui">
      <Filter>Form Files</Filter>
    </CustomBuild>
    <CustomBuild Include="videoproperty.h">
      <Filter>Header Files</Filter>
    </CustomBuild>
    <CustomBuild Include="videoproperty.ui">
      <Filter>Form Files</Filter>
    </CustomBuild>
    <CustomBuild Include="serialparameters.h">
      <Filter>Header Files</Filter>
    </CustomBuild>
    <CustomBuild Include="serialparameters.ui">
      <Filter>Form Files</Filter>
    </CustomBuild>
    <CustomBuild Include="thumbnailthread.h">
      <Filter>Header Files</Filter>
    </CustomBuild>
    <CustomBuild Include="imagestitching.h">
      <Filter>Header Files</Filter>
    </CustomBuild>
    <CustomBuild Include="imagestitching.ui">
      <Filter>Form Files</Filter>
    </CustomBuild>
    <CustomBuild Include="image_tools.h">
      <Filter>Header Files</Filter>
    </CustomBuild>
    <CustomBuild Include="siftmatch.h">
      <Filter>Header Files</Filter>
    </CustomBuild>
    <CustomBuild Include="siftmatch.ui">
      <Filter>Form Files</Filter>
    </CustomBuild>
  </ItemGroup>
  <ItemGroup>
    <ClInclude Include="GeneratedFiles\ui_uvision.h">
      <Filter>Generated Files</Filter>
    </ClInclude>
    <ClInclude Include="GeneratedFiles\ui_videoinput.h">
      <Filter>Generated Files</Filter>
    </ClInclude>
    <ClInclude Include="GeneratedFiles\ui_videoproperty.h">
      <Filter>Generated Files</Filter>
    </ClInclude>
    <ClInclude Include="GeneratedFiles\ui_serialparameters.h">
      <Filter>Generated Files</Filter>
    </ClInclude>
    <ClInclude Include="GeneratedFiles\ui_imagestitching.h">
      <Filter>Generated Files</Filter>
    </ClInclude>
    <ClInclude Include="imgfeatures.h">
      <Filter>Header Files</Filter>
    </ClInclude>
    <ClInclude Include="kdtree.h">
      <Filter>Header Files</Filter>
    </ClInclude>
    <ClInclude Include="minpq.h">
      <Filter>Header Files</Filter>
    </ClInclude>
    <ClInclude Include="sift.h">
      <Filter>Header Files</Filter>
    </ClInclude>
    <ClInclude Include="utils.h">
      <Filter>Header Files</Filter>
    </ClInclude>
    <ClInclude Include="xform.h">
      <Filter>Header Files</Filter>
    </ClInclude>
    <ClInclude Include="GeneratedFiles\ui_siftmatch.h">
      <Filter>Generated Files</Filter>
    </ClInclude>
    <ClInclude Include="Advance.h">
      <Filter>Header Files</Filter>
    </ClInclude>
    <ClInclude Include="AdvanceDlg.h">
      <Filter>Header Files</Filter>
    </ClInclude>
    <ClInclude Include="DeviceInfoDlg.h">
      <Filter>Header Files</Filter>
    </ClInclude>
    <ClInclude Include="ExposeDlg.h">
      <Filter>Header Files</Filter>
    </ClInclude>
    <ClInclude Include="ImageProcessDlg.h">
      <Filter>Header Files</Filter>
    </ClInclude>
    <ClInclude Include="OutputModeDlg.h">
      <Filter>Header Files</Filter>
    </ClInclude>
    <ClInclude Include="ROIDlg.h">
      <Filter>Header Files</Filter>
    </ClInclude>
    <ClInclude Include="SetupDlg.h">
      <Filter>Header Files</Filter>
    </ClInclude>
    <ClInclude Include="resource.h">
      <Filter>Header Files</Filter>
    </ClInclude>
    <ClInclude Include="stdafx.h">
      <Filter>Header Files</Filter>
    </ClInclude>
  </ItemGroup>
</Project>